// !$*UTF8*$!
{
	archiveVersion = 1;
	classes = {
	};
	objectVersion = 56;
	objects = {

/* Begin PBXBuildFile section */
		A10000000000000000000012 /* iOSApp.swift in Sources */ = {isa = PBXBuildFile; fileRef = A1000000000000000000000F /* iOSApp.swift */; };
		A10000000000000000000013 /* ContentView.swift in Sources */ = {isa = PBXBuildFile; fileRef = A10000000000000000000010 /* ContentView.swift */; };
		A10000000000000000000014 /* ComposeApp.framework in Frameworks */ = {isa = PBXBuildFile; fileRef = A10000000000000000000011 /* ComposeApp.framework */; };
/* End PBXBuildFile section */

/* Begin PBXFileReference section */
		A1000000000000000000000F /* iOSApp.swift */ = {isa = PBXFileReference; lastKnownFileType = sourcecode.swift; path = iOSApp.swift; sourceTree = "<group>"; };
		A10000000000000000000010 /* ContentView.swift */ = {isa = PBXFileReference; lastKnownFileType = sourcecode.swift; path = ContentView.swift; sourceTree = "<group>"; };
		A10000000000000000000011 /* ComposeApp.framework */ = {isa = PBXFileReference; lastKnownFileType = wrapper.framework; path = ComposeApp.framework; sourceTree = "<group>"; };
		A10000000000000000000015 /* iosApp.app */ = {isa = PBXFileReference; explicitFileType = wrapper.application; includeInIndex = 0; path = iosApp.app; sourceTree = BUILT_PRODUCTS_DIR; };
/* End PBXFileReference section */

/* Begin PBXFrameworksBuildPhase section */
		A1000000000000000000000A /* Frameworks */ = {
			isa = PBXFrameworksBuildPhase;
			buildActionMask = 2147483647;
			files = (
				A10000000000000000000014 /* ComposeApp.framework in Frameworks */,
			);
			runOnlyForDeploymentPostprocessing = 0;
		};
/* End PBXFrameworksBuildPhase section */

/* Begin PBXGroup section */
		A1000000000000000000000C = {
			isa = PBXGroup;
			children = (
				A1000000000000000000000D /* iosApp */,
				A1000000000000000000000E /* Frameworks */,
				A10000000000000000000015 /* iosApp.app */,
			);
			sourceTree = "<group>";
		};
		A1000000000000000000000D /* iosApp */ = {
			isa = PBXGroup;
			children = (
				A1000000000000000000000F /* iOSApp.swift */,
				A10000000000000000000010 /* ContentView.swift */,
			);
			path = iosApp;
			sourceTree = "<group>";
		};
		A1000000000000000000000E /* Frameworks */ = {
			isa = PBXGroup;
			children = (
				A10000000000000000000011 /* ComposeApp.framework */,
			);
			name = Frameworks;
			sourceTree = "<group>";
		};
/* End PBXGroup section */

/* Begin PBXNativeTarget section */
		A10000000000000000000002 /* iosApp */ = {
			isa = PBXNativeTarget;
			buildConfigurationList = A10000000000000000000006 /* Build configuration list for PBXNativeTarget "iosApp" */;
			buildPhases = (
				A10000000000000000000009 /* Sources */,
				A1000000000000000000000A /* Frameworks */,
				A1000000000000000000000B /* Resources */,
			);
			buildRules = (
			);
			dependencies = (
			);
			name = iosApp;
			productName = iosApp;
			productReference = A10000000000000000000015 /* iosApp.app */;
			productType = "com.apple.product-type.application";
		};
/* End PBXNativeTarget section */

/* Begin PBXProject section */
		A10000000000000000000001 /* Project object */ = {
			isa = PBXProject;
			attributes = {
				BuildIndependentTargetsInParallel = 1;
				LastSwiftUpdateCheck = 1500;
				LastUpgradeCheck = 1500;
			};
			buildConfigurationList = A10000000000000000000003 /* Build configuration list for PBXProject "iosApp" */;
			compatibilityVersion = "Xcode 14.0";
			developmentRegion = en;
			hasScannedForEncodings = 0;
			knownRegions = (
				en,
				Base,
			);
			mainGroup = A1000000000000000000000C;
			productRefGroup = A1000000000000000000000C;
			projectDirPath = "";
			projectRoot = "";
			targets = (
				A10000000000000000000002 /* iosApp */,
			);
		};
/* End PBXProject section */

/* Begin PBXResourcesBuildPhase section */
		A1000000000000000000000B /* Resources */ = {
			isa = PBXResourcesBuildPhase;
			buildActionMask = 2147483647;
			files = (
			);
			runOnlyForDeploymentPostprocessing = 0;
		};
/* End PBXResourcesBuildPhase section */

/* Begin PBXSourcesBuildPhase section */
		A10000000000000000000009 /* Sources */ = {
			isa = PBXSourcesBuildPhase;
			buildActionMask = 2147483647;
			files = (
				A10000000000000000000012 /* iOSApp.swift in Sources */,
				A10000000000000000000013 /* ContentView.swift in Sources */,
			);
			runOnlyForDeploymentPostprocessing = 0;
		};
/* End PBXSourcesBuildPhase section */

/* Begin XCBuildConfiguration section */
		A10000000000000000000004 /* Debug */ = {
			isa = XCBuildConfiguration;
			buildSettings = {
				ALWAYS_SEARCH_USER_PATHS = NO;
				CLANG_ENABLE_MODULES = YES;
				CODE_SIGNING_ALLOWED = NO;
				CODE_SIGN_IDENTITY = "";
				CODE_SIGNING_REQUIRED = NO;
				FRAMEWORK_SEARCH_PATHS = (
					"$(inherited)",
					"$(PROJECT_DIR)/../app/build/bin/iosArm64/debugFramework",
					"$(PROJECT_DIR)/../app/build/bin/iosSimulatorArm64/debugFramework",
					"$(PROJECT_DIR)/../app/build/bin/iosX64/debugFramework",
					"$(PROJECT_DIR)/../app/build/bin/iosArm64/releaseFramework",
					"$(PROJECT_DIR)/../app/build/bin/iosSimulatorArm64/releaseFramework",
					"$(PROJECT_DIR)/../app/build/bin/iosX64/releaseFramework",
				);
				GENERATE_INFOPLIST_FILE = NO;
				INFOPLIST_FILE = iosApp/Info.plist;
				INFOPLIST_KEY_CADisableMinimumFrameDurationOnPhone = YES;
				INFOPLIST_KEY_CFBundleDisplayName = "Anadolu Galericiler";
				INFOPLIST_KEY_ITSAppUsesNonExemptEncryption = NO;
				INFOPLIST_KEY_NSCameraUsageDescription = "Araç fotoğrafı çekmek için kamera erişimi gerekir.";
				INFOPLIST_KEY_NSPhotoLibraryUsageDescription = "Araç fotoğrafı seçmek için galeri erişimi gerekir.";
				INFOPLIST_KEY_UIApplicationSceneManifest_Generation = YES;
				INFOPLIST_KEY_UILaunchScreen_Generation = YES;
				IPHONEOS_DEPLOYMENT_TARGET = 15.0;
				PRODUCT_BUNDLE_IDENTIFIER = com.anadolugalericilersitesi.app;
				PRODUCT_NAME = "$(TARGET_NAME)";
				SDKROOT = iphoneos;
				SWIFT_VERSION = 5.0;
				TARGETED_DEVICE_FAMILY = "1,2";
			};
			name = Debug;
		};
		A10000000000000000000005 /* Release */ = {
			isa = XCBuildConfiguration;
			buildSettings = {
				ALWAYS_SEARCH_USER_PATHS = NO;
				CLANG_ENABLE_MODULES = YES;
				CODE_SIGNING_ALLOWED = NO;
				CODE_SIGN_IDENTITY = "";
				CODE_SIGNING_REQUIRED = NO;
				FRAMEWORK_SEARCH_PATHS = (
					"$(inherited)",
					"$(PROJECT_DIR)/../app/build/bin/iosArm64/releaseFramework",
					"$(PROJECT_DIR)/../app/build/bin/iosSimulatorArm64/releaseFramework",
					"$(PROJECT_DIR)/../app/build/bin/iosX64/releaseFramework",
					"$(PROJECT_DIR)/../app/build/bin/iosArm64/debugFramework",
					"$(PROJECT_DIR)/../app/build/bin/iosSimulatorArm64/debugFramework",
					"$(PROJECT_DIR)/../app/build/bin/iosX64/debugFramework",
				);
				GENERATE_INFOPLIST_FILE = NO;
				INFOPLIST_FILE = iosApp/Info.plist;
				INFOPLIST_KEY_CADisableMinimumFrameDurationOnPhone = YES;
				INFOPLIST_KEY_CFBundleDisplayName = "Anadolu Galericiler";
				INFOPLIST_KEY_ITSAppUsesNonExemptEncryption = NO;
				INFOPLIST_KEY_NSCameraUsageDescription = "Araç fotoğrafı çekmek için kamera erişimi gerekir.";
				INFOPLIST_KEY_NSPhotoLibraryUsageDescription = "Araç fotoğrafı seçmek için galeri erişimi gerekir.";
				INFOPLIST_KEY_UIApplicationSceneManifest_Generation = YES;
				INFOPLIST_KEY_UILaunchScreen_Generation = YES;
				IPHONEOS_DEPLOYMENT_TARGET = 15.0;
				PRODUCT_BUNDLE_IDENTIFIER = com.anadolugalericilersitesi.app;
				PRODUCT_NAME = "$(TARGET_NAME)";
				SDKROOT = iphoneos;
				SWIFT_VERSION = 5.0;
				TARGETED_DEVICE_FAMILY = "1,2";
			};
			name = Release;
		};
		A10000000000000000000007 /* Debug */ = {
			isa = XCBuildConfiguration;
			buildSettings = {
				CODE_SIGNING_ALLOWED = NO;
				CODE_SIGN_IDENTITY = "";
				CODE_SIGNING_REQUIRED = NO;
				FRAMEWORK_SEARCH_PATHS = (
					"$(inherited)",
					"$(PROJECT_DIR)/../app/build/bin/iosArm64/debugFramework",
					"$(PROJECT_DIR)/../app/build/bin/iosSimulatorArm64/debugFramework",
					"$(PROJECT_DIR)/../app/build/bin/iosX64/debugFramework",
					"$(PROJECT_DIR)/../app/build/bin/iosArm64/releaseFramework",
					"$(PROJECT_DIR)/../app/build/bin/iosSimulatorArm64/releaseFramework",
					"$(PROJECT_DIR)/../app/build/bin/iosX64/releaseFramework",
				);
				GENERATE_INFOPLIST_FILE = NO;
				INFOPLIST_FILE = iosApp/Info.plist;
				INFOPLIST_KEY_CADisableMinimumFrameDurationOnPhone = YES;
				INFOPLIST_KEY_CFBundleDisplayName = "Anadolu Galericiler";
				INFOPLIST_KEY_ITSAppUsesNonExemptEncryption = NO;
				INFOPLIST_KEY_NSCameraUsageDescription = "Araç fotoğrafı çekmek için kamera erişimi gerekir.";
				INFOPLIST_KEY_NSPhotoLibraryUsageDescription = "Araç fotoğrafı seçmek için galeri erişimi gerekir.";
				INFOPLIST_KEY_UIApplicationSceneManifest_Generation = YES;
				INFOPLIST_KEY_UILaunchScreen_Generation = YES;
				IPHONEOS_DEPLOYMENT_TARGET = 15.0;
				PRODUCT_BUNDLE_IDENTIFIER = com.anadolugalericilersitesi.app;
				PRODUCT_NAME = "$(TARGET_NAME)";
				SWIFT_VERSION = 5.0;
				TARGETED_DEVICE_FAMILY = "1,2";
			};
			name = Debug;
		};
		A10000000000000000000008 /* Release */ = {
			isa = XCBuildConfiguration;
			buildSettings = {
				CODE_SIGNING_ALLOWED = NO;
				CODE_SIGN_IDENTITY = "";
				CODE_SIGNING_REQUIRED = NO;
				FRAMEWORK_SEARCH_PATHS = (
					"$(inherited)",
					"$(PROJECT_DIR)/../app/build/bin/iosArm64/releaseFramework",
					"$(PROJECT_DIR)/../app/build/bin/iosSimulatorArm64/releaseFramework",
					"$(PROJECT_DIR)/../app/build/bin/iosX64/releaseFramework",
					"$(PROJECT_DIR)/../app/build/bin/iosArm64/debugFramework",
					"$(PROJECT_DIR)/../app/build/bin/iosSimulatorArm64/debugFramework",
					"$(PROJECT_DIR)/../app/build/bin/iosX64/debugFramework",
				);
				GENERATE_INFOPLIST_FILE = NO;
				INFOPLIST_FILE = iosApp/Info.plist;
				INFOPLIST_KEY_CADisableMinimumFrameDurationOnPhone = YES;
				INFOPLIST_KEY_CFBundleDisplayName = "Anadolu Galericiler";
				INFOPLIST_KEY_ITSAppUsesNonExemptEncryption = NO;
				INFOPLIST_KEY_NSCameraUsageDescription = "Araç fotoğrafı çekmek için kamera erişimi gerekir.";
				INFOPLIST_KEY_NSPhotoLibraryUsageDescription = "Araç fotoğrafı seçmek için galeri erişimi gerekir.";
				INFOPLIST_KEY_UIApplicationSceneManifest_Generation = YES;
				INFOPLIST_KEY_UILaunchScreen_Generation = YES;
				IPHONEOS_DEPLOYMENT_TARGET = 15.0;
				PRODUCT_BUNDLE_IDENTIFIER = com.anadolugalericilersitesi.app;
				PRODUCT_NAME = "$(TARGET_NAME)";
				SWIFT_VERSION = 5.0;
				TARGETED_DEVICE_FAMILY = "1,2";
			};
			name = Release;
		};
/* End XCBuildConfiguration section */

/* Begin XCConfigurationList section */
		A10000000000000000000003 /* Build configuration list for PBXProject "iosApp" */ = {
			isa = XCConfigurationList;
			buildConfigurations = (
				A10000000000000000000004 /* Debug */,
				A10000000000000000000005 /* Release */,
			);
			defaultConfigurationIsVisible = 0;
			defaultConfigurationName = Release;
		};
		A10000000000000000000006 /* Build configuration list for PBXNativeTarget "iosApp" */ = {
			isa = XCConfigurationList;
			buildConfigurations = (
				A10000000000000000000007 /* Debug */,
				A10000000000000000000008 /* Release */,
			);
			defaultConfigurationIsVisible = 0;
			defaultConfigurationName = Release;
		};
/* End XCConfigurationList section */

	};
	rootObject = A10000000000000000000001 /* Project object */;
}
